{
  "requires": true,
  "lockfileVersion": 1,
  "dependencies": {
    "froala-editor": {
      "version": "3.2.5-1",
      "resolved": "https://registry.npmjs.org/froala-editor/-/froala-editor-3.2.5-1.tgz",
      "integrity": "sha512-OURDcb3tWNQNjcHOkF8DzVEnTROKGfd+sreC7JfwQQrfQNLVgeTbzcn9lRUbQ20E70spXFoPNj/pe46TgBHCBg=="
    }
  }
}
